# @generated by Move, please check-in and do not edit manually.

[move]
version = 2
manifest_digest = "38F540DA2CA6BEAC7D1DCDDF72C0B847F1A34CCB4DDFF127E24C60C9657B3B25"
deps_digest = "F8BBB0CCB2491CA29A3DF03D6F92277A4F3574266507ACD77214D37ECA3F3082"
dependencies = [
  { name = "Sui" },
]

[[move.package]]
name = "MoveStdlib"
source = { git = "https://github.com/MystenLabs/sui.git", rev = "framework/testnet", subdir = "crates/sui-framework/packages/move-stdlib" }

[[move.package]]
name = "Sui"
source = { git = "https://github.com/MystenLabs/sui.git", rev = "framework/testnet", subdir = "crates/sui-framework/packages/sui-framework" }

dependencies = [
  { name = "MoveStdlib" },
]

[move.toolchain-version]
compiler-version = "1.25.1"
edition = "2024.beta"
flavor = "sui"

[env]

[env.testnet]
chain-id = "4c78adac"
original-published-id = "0x169e160c0681f1db7dea6e9d9927adf4b7016745b8412016460fe2e8dbb0a7cb"
latest-published-id = "0x169e160c0681f1db7dea6e9d9927adf4b7016745b8412016460fe2e8dbb0a7cb"
published-version = "1"

[env.devnet]
chain-id = "bd665407"
original-published-id = "0x5f234782d0d7fcb5412aafca6e87be1e6b2c67383566f2f4c499bc12ddafb385"
latest-published-id = "0x5f234782d0d7fcb5412aafca6e87be1e6b2c67383566f2f4c499bc12ddafb385"
published-version = "1"
